
Microsoft Visual Studio Solution File, Format Version 12.00
# Visual Studio Version 17
VisualStudioVersion = 17.9.34622.214
MinimumVisualStudioVersion = 10.0.40219.1
Project("{8BC9CEB8-8B4A-11D0-8D11-00A0C91BC942}") = "Final", "Final\Final.vcxproj", "{34B0B6E6-F5D9-4214-9CA3-F7B684B36526}"
EndProject
Global
	GlobalSection(SolutionConfigurationPlatforms) = preSolution
		Debug|x64 = Debug|x64
		Debug|x86 = Debug|x86
		Release|x64 = Release|x64
		Release|x86 = Release|x86
	EndGlobalSection
	GlobalSection(ProjectConfigurationPlatforms) = postSolution
		{34B0B6E6-F5D9-4214-9CA3-F7B684B36526}.Debug|x64.ActiveCfg = Debug|x64
		{34B0B6E6-F5D9-4214-9CA3-F7B684B36526}.Debug|x64.Build.0 = Debug|x64
		{34B0B6E6-F5D9-4214-9CA3-F7B684B36526}.Debug|x86.ActiveCfg = Debug|Win32
		{34B0B6E6-F5D9-4214-9CA3-F7B684B36526}.Debug|x86.Build.0 = Debug|Win32
		{34B0B6E6-F5D9-4214-9CA3-F7B684B36526}.Release|x64.ActiveCfg = Release|x64
		{34B0B6E6-F5D9-4214-9CA3-F7B684B36526}.Release|x64.Build.0 = Release|x64
		{34B0B6E6-F5D9-4214-9CA3-F7B684B36526}.Release|x86.ActiveCfg = Release|Win32
		{34B0B6E6-F5D9-4214-9CA3-F7B684B36526}.Release|x86.Build.0 = Release|Win32
	EndGlobalSection
	GlobalSection(SolutionProperties) = preSolution
		HideSolutionNode = FALSE
	EndGlobalSection
	GlobalSection(ExtensibilityGlobals) = postSolution
		SolutionGuid = {F9180CDE-F107-406B-9CD8-FEDC8B7C0E10}
	EndGlobalSection
EndGlobal
